
Microsoft Visual Studio Solution File, Format Version 12.00
# Visual Studio Version 17
VisualStudioVersion = 17.0.31903.59
MinimumVisualStudioVersion = 10.0.40219.1
Project("{FAE04EC0-301F-11D3-BF4B-00C04F79EFBC}") = "AdventOfCode", "AdventOfCode\AdventOfCode.csproj", "{DAF20E3F-146F-4BFE-BABB-361261B0725C}"
EndProject
Global
	GlobalSection(SolutionConfigurationPlatforms) = preSolution
		Debug|Any CPU = Debug|Any CPU
		Release|Any CPU = Release|Any CPU
	EndGlobalSection
	GlobalSection(ProjectConfigurationPlatforms) = postSolution
		{DAF20E3F-146F-4BFE-BABB-361261B0725C}.Debug|Any CPU.ActiveCfg = Debug|Any CPU
		{DAF20E3F-146F-4BFE-BABB-361261B0725C}.Debug|Any CPU.Build.0 = Debug|Any CPU
		{DAF20E3F-146F-4BFE-BABB-361261B0725C}.Release|Any CPU.ActiveCfg = Release|Any CPU
		{DAF20E3F-146F-4BFE-BABB-361261B0725C}.Release|Any CPU.Build.0 = Release|Any CPU
	EndGlobalSection
	GlobalSection(SolutionProperties) = preSolution
		HideSolutionNode = FALSE
	EndGlobalSection
	GlobalSection(ExtensibilityGlobals) = postSolution
		SolutionGuid = {997A2A6B-029C-4012-8E23-804CF950C163}
	EndGlobalSection
EndGlobal
